{
  "name": "html2pdfsmith",
  "version": "0.1.0",
  "lockfileVersion": 3,
  "requires": true,
  "packages": {
    "": {
      "name": "html2pdfsmith",
      "version": "0.1.0",
      "license": "MIT",
      "dependencies": {
        "@pdf-lib/fontkit": "^1.1.1",
        "@types/pdfkit": "^0.17.6",
        "@types/svg-to-pdfkit": "^0.1.4",
        "cloc": "^2.6.0-cloc",
        "domhandler": "^5.0.3",
        "domutils": "^3.2.2",
        "htmlparser2": "^10.0.0",
        "pdf-lib": "^1.17.1",
        "pdfkit": "^0.18.0",
        "svg-to-pdfkit": "^0.1.8"
      },
      "devDependencies": {
        "bun-types": "latest",
        "typescript": "^5.8.0"
      },
      "engines": {
        "bun": ">=1.2.0"
      }
    },
    "node_modules/@noble/ciphers": {
      "version": "1.3.0",
      "license": "MIT",
      "engines": {
        "node": "^14.21.3 || >=16"
      },
      "funding": {
        "url": "https://paulmillr.com/funding/"
      }
    },
    "node_modules/@noble/hashes": {
      "version": "1.8.0",
      "license": "MIT",
      "engines": {
        "node": "^14.21.3 || >=16"
      },
      "funding": {
        "url": "https://paulmillr.com/funding/"
      }
    },
    "node_modules/@pdf-lib/fontkit": {
      "version": "1.1.1",
      "license": "MIT",
      "dependencies": {
        "pako": "^1.0.6"
      }
    },
    "node_modules/@pdf-lib/standard-fonts": {
      "version": "1.0.0",
      "license": "MIT",
      "dependencies": {
        "pako": "^1.0.6"
      }
    },
    "node_modules/@pdf-lib/upng": {
      "version": "1.0.1",
      "license": "MIT",
      "dependencies": {
        "pako": "^1.0.10"
      }
    },
    "node_modules/@swc/helpers": {
      "version": "0.5.21",
      "license": "Apache-2.0",
      "dependencies": {
        "tslib": "^2.8.0"
      }
    },
    "node_modules/@swc/helpers/node_modules/tslib": {
      "version": "2.8.1",
      "license": "0BSD"
    },
    "node_modules/@types/node": {
      "version": "25.6.0",
      "license": "MIT",
      "dependencies": {
        "undici-types": "~7.19.0"
      }
    },
    "node_modules/@types/pdfkit": {
      "version": "0.17.6",
      "license": "MIT",
      "dependencies": {
        "@types/node": "*"
      }
    },
    "node_modules/@types/svg-to-pdfkit": {
      "version": "0.1.4",
      "license": "MIT",
      "dependencies": {
        "@types/pdfkit": "*"
      }
    },
    "node_modules/base64-js": {
      "version": "0.0.8",
      "license": "MIT",
      "engines": {
        "node": ">= 0.4"
      }
    },
    "node_modules/brotli": {
      "version": "1.3.3",
      "license": "MIT",
      "dependencies": {
        "base64-js": "^1.1.2"
      }
    },
    "node_modules/brotli/node_modules/base64-js": {
      "version": "1.5.1",
      "funding": [
        {
          "type": "github",
          "url": "https://github.com/sponsors/feross"
        },
        {
          "type": "patreon",
          "url": "https://www.patreon.com/feross"
        },
        {
          "type": "consulting",
          "url": "https://feross.org/support"
        }
      ],
      "license": "MIT"
    },
    "node_modules/browserify-zlib": {
      "version": "0.2.0",
      "license": "MIT",
      "dependencies": {
        "pako": "~1.0.5"
      }
    },
    "node_modules/bun-types": {
      "version": "1.3.12",
      "resolved": "https://registry.npmjs.org/bun-types/-/bun-types-1.3.12.tgz",
      "integrity": "sha512-HqOLj5PoFajAQciOMRiIZGNoKxDJSr6qigAttOX40vJuSp6DN/CxWp9s3C1Xwm4oH7ybueITwiaOcWXoYVoRkA==",
      "dev": true,
      "license": "MIT",
      "dependencies": {
        "@types/node": "*"
      }
    },
    "node_modules/cloc": {
      "version": "2.6.0-cloc",
      "resolved": "https://registry.npmjs.org/cloc/-/cloc-2.6.0-cloc.tgz",
      "integrity": "sha512-fCHPvFN6I7WmC005u99WqLxqWnWhEra0YCppc2k8lpRZrPFIEaHaNxgJ+funlSRIZMSIOqxwpt7pmEKDPFCz2g==",
      "license": "GPL-2.0",
      "bin": {
        "cloc": "lib/cloc"
      }
    },
    "node_modules/clone": {
      "version": "2.1.2",
      "license": "MIT",
      "engines": {
        "node": ">=0.8"
      }
    },
    "node_modules/dfa": {
      "version": "1.2.0",
      "license": "MIT"
    },
    "node_modules/dom-serializer": {
      "version": "2.0.0",
      "license": "MIT",
      "dependencies": {
        "domelementtype": "^2.3.0",
        "domhandler": "^5.0.2",
        "entities": "^4.2.0"
      },
      "funding": {
        "url": "https://github.com/cheeriojs/dom-serializer?sponsor=1"
      }
    },
    "node_modules/dom-serializer/node_modules/entities": {
      "version": "4.5.0",
      "license": "BSD-2-Clause",
      "engines": {
        "node": ">=0.12"
      },
      "funding": {
        "url": "https://github.com/fb55/entities?sponsor=1"
      }
    },
    "node_modules/domelementtype": {
      "version": "2.3.0",
      "funding": [
        {
          "type": "github",
          "url": "https://github.com/sponsors/fb55"
        }
      ],
      "license": "BSD-2-Clause"
    },
    "node_modules/domhandler": {
      "version": "5.0.3",
      "license": "BSD-2-Clause",
      "dependencies": {
        "domelementtype": "^2.3.0"
      },
      "engines": {
        "node": ">= 4"
      },
      "funding": {
        "url": "https://github.com/fb55/domhandler?sponsor=1"
      }
    },
    "node_modules/domutils": {
      "version": "3.2.2",
      "license": "BSD-2-Clause",
      "dependencies": {
        "dom-serializer": "^2.0.0",
        "domelementtype": "^2.3.0",
        "domhandler": "^5.0.3"
      },
      "funding": {
        "url": "https://github.com/fb55/domutils?sponsor=1"
      }
    },
    "node_modules/entities": {
      "version": "7.0.1",
      "license": "BSD-2-Clause",
      "engines": {
        "node": ">=0.12"
      },
      "funding": {
        "url": "https://github.com/fb55/entities?sponsor=1"
      }
    },
    "node_modules/fast-deep-equal": {
      "version": "3.1.3",
      "license": "MIT"
    },
    "node_modules/fontkit": {
      "version": "2.0.4",
      "license": "MIT",
      "dependencies": {
        "@swc/helpers": "^0.5.12",
        "brotli": "^1.3.2",
        "clone": "^2.1.2",
        "dfa": "^1.2.0",
        "fast-deep-equal": "^3.1.3",
        "restructure": "^3.0.0",
        "tiny-inflate": "^1.0.3",
        "unicode-properties": "^1.4.0",
        "unicode-trie": "^2.0.0"
      }
    },
    "node_modules/htmlparser2": {
      "version": "10.1.0",
      "funding": [
        "https://github.com/fb55/htmlparser2?sponsor=1",
        {
          "type": "github",
          "url": "https://github.com/sponsors/fb55"
        }
      ],
      "license": "MIT",
      "dependencies": {
        "domelementtype": "^2.3.0",
        "domhandler": "^5.0.3",
        "domutils": "^3.2.2",
        "entities": "^7.0.1"
      }
    },
    "node_modules/js-md5": {
      "version": "0.8.3",
      "license": "MIT"
    },
    "node_modules/linebreak": {
      "version": "1.1.0",
      "license": "MIT",
      "dependencies": {
        "base64-js": "0.0.8",
        "unicode-trie": "^2.0.0"
      }
    },
    "node_modules/pako": {
      "version": "1.0.11",
      "license": "(MIT AND Zlib)"
    },
    "node_modules/pdf-lib": {
      "version": "1.17.1",
      "license": "MIT",
      "dependencies": {
        "@pdf-lib/standard-fonts": "^1.0.0",
        "@pdf-lib/upng": "^1.0.1",
        "pako": "^1.0.11",
        "tslib": "^1.11.1"
      }
    },
    "node_modules/pdfkit": {
      "version": "0.18.0",
      "license": "MIT",
      "dependencies": {
        "@noble/ciphers": "^1.0.0",
        "@noble/hashes": "^1.6.0",
        "fontkit": "^2.0.4",
        "js-md5": "^0.8.3",
        "linebreak": "^1.1.0",
        "png-js": "^1.0.0"
      }
    },
    "node_modules/png-js": {
      "version": "1.1.0",
      "dependencies": {
        "browserify-zlib": "^0.2.0"
      }
    },
    "node_modules/restructure": {
      "version": "3.0.2",
      "license": "MIT"
    },
    "node_modules/svg-to-pdfkit": {
      "version": "0.1.8",
      "license": "MIT",
      "dependencies": {
        "pdfkit": ">=0.8.1"
      }
    },
    "node_modules/tiny-inflate": {
      "version": "1.0.3",
      "license": "MIT"
    },
    "node_modules/tslib": {
      "version": "1.14.1",
      "license": "0BSD"
    },
    "node_modules/typescript": {
      "version": "5.9.3",
      "dev": true,
      "license": "Apache-2.0",
      "bin": {
        "tsc": "bin/tsc",
        "tsserver": "bin/tsserver"
      },
      "engines": {
        "node": ">=14.17"
      }
    },
    "node_modules/undici-types": {
      "version": "7.19.2",
      "license": "MIT"
    },
    "node_modules/unicode-properties": {
      "version": "1.4.1",
      "license": "MIT",
      "dependencies": {
        "base64-js": "^1.3.0",
        "unicode-trie": "^2.0.0"
      }
    },
    "node_modules/unicode-properties/node_modules/base64-js": {
      "version": "1.5.1",
      "funding": [
        {
          "type": "github",
          "url": "https://github.com/sponsors/feross"
        },
        {
          "type": "patreon",
          "url": "https://www.patreon.com/feross"
        },
        {
          "type": "consulting",
          "url": "https://feross.org/support"
        }
      ],
      "license": "MIT"
    },
    "node_modules/unicode-trie": {
      "version": "2.0.0",
      "license": "MIT",
      "dependencies": {
        "pako": "^0.2.5",
        "tiny-inflate": "^1.0.0"
      }
    },
    "node_modules/unicode-trie/node_modules/pako": {
      "version": "0.2.9",
      "license": "MIT"
    }
  }
}
